
Microsoft Visual Studio Solution File, Format Version 12.00
Project("{FAE04EC0-301F-11D3-BF4B-00C04F79EFBC}") = "CreationalPatterns", "CreationalPatterns\CreationalPatterns.csproj", "{D888D81F-6D61-40F3-9D21-9FADCC3AE28D}"
EndProject
Project("{FAE04EC0-301F-11D3-BF4B-00C04F79EFBC}") = "StructuralPatterns", "StructuralPatterns\StructuralPatterns.csproj", "{C0BF7E5F-C499-43F2-B45C-96990556FDDF}"
EndProject
Project("{FAE04EC0-301F-11D3-BF4B-00C04F79EFBC}") = "BehavioralPatterns", "BehavioralPatterns\BehavioralPatterns.csproj", "{32A47332-3A38-451D-A26E-DD88C7E835F0}"
EndProject
Global
	GlobalSection(SolutionConfigurationPlatforms) = preSolution
		Debug|Any CPU = Debug|Any CPU
		Release|Any CPU = Release|Any CPU
	EndGlobalSection
	GlobalSection(ProjectConfigurationPlatforms) = postSolution
		{D888D81F-6D61-40F3-9D21-9FADCC3AE28D}.Debug|Any CPU.ActiveCfg = Debug|Any CPU
		{D888D81F-6D61-40F3-9D21-9FADCC3AE28D}.Debug|Any CPU.Build.0 = Debug|Any CPU
		{D888D81F-6D61-40F3-9D21-9FADCC3AE28D}.Release|Any CPU.ActiveCfg = Release|Any CPU
		{D888D81F-6D61-40F3-9D21-9FADCC3AE28D}.Release|Any CPU.Build.0 = Release|Any CPU
		{C0BF7E5F-C499-43F2-B45C-96990556FDDF}.Debug|Any CPU.ActiveCfg = Debug|Any CPU
		{C0BF7E5F-C499-43F2-B45C-96990556FDDF}.Debug|Any CPU.Build.0 = Debug|Any CPU
		{C0BF7E5F-C499-43F2-B45C-96990556FDDF}.Release|Any CPU.ActiveCfg = Release|Any CPU
		{C0BF7E5F-C499-43F2-B45C-96990556FDDF}.Release|Any CPU.Build.0 = Release|Any CPU
		{32A47332-3A38-451D-A26E-DD88C7E835F0}.Debug|Any CPU.ActiveCfg = Debug|Any CPU
		{32A47332-3A38-451D-A26E-DD88C7E835F0}.Debug|Any CPU.Build.0 = Debug|Any CPU
		{32A47332-3A38-451D-A26E-DD88C7E835F0}.Release|Any CPU.ActiveCfg = Release|Any CPU
		{32A47332-3A38-451D-A26E-DD88C7E835F0}.Release|Any CPU.Build.0 = Release|Any CPU
	EndGlobalSection
EndGlobal
